
Microsoft Visual Studio Solution File, Format Version 12.00
# Visual Studio Version 17
VisualStudioVersion = 17.11.35312.102
MinimumVisualStudioVersion = 10.0.40219.1
Project("{FAE04EC0-301F-11D3-BF4B-00C04F79EFBC}") = "AmigoSecretoAPI", "AmigoSecretoAPI\AmigoSecretoAPI.csproj", "{57769E5C-1370-40E5-B69B-61256D647B69}"
EndProject
Global
	GlobalSection(SolutionConfigurationPlatforms) = preSolution
		Debug|Any CPU = Debug|Any CPU
		Release|Any CPU = Release|Any CPU
	EndGlobalSection
	GlobalSection(ProjectConfigurationPlatforms) = postSolution
		{57769E5C-1370-40E5-B69B-61256D647B69}.Debug|Any CPU.ActiveCfg = Debug|Any CPU
		{57769E5C-1370-40E5-B69B-61256D647B69}.Debug|Any CPU.Build.0 = Debug|Any CPU
		{57769E5C-1370-40E5-B69B-61256D647B69}.Release|Any CPU.ActiveCfg = Release|Any CPU
		{57769E5C-1370-40E5-B69B-61256D647B69}.Release|Any CPU.Build.0 = Release|Any CPU
	EndGlobalSection
	GlobalSection(SolutionProperties) = preSolution
		HideSolutionNode = FALSE
	EndGlobalSection
	GlobalSection(ExtensibilityGlobals) = postSolution
		SolutionGuid = {24980A47-F98A-48D7-8E83-61A80E28533A}
	EndGlobalSection
EndGlobal
